{
  "version": "4",
  "specifiers": {
    "npm:@carbon/icon-helpers@^10.54.0": "10.54.0",
    "npm:@carbon/icons@^11.53.0": "11.53.0",
    "npm:@carbon/web-components@^2.21.0": "2.21.0",
    "npm:@material/web@^2.2.0": "2.2.0",
    "npm:material-symbols@~0.27.2": "0.27.2",
    "npm:normalize.css@^8.0.1": "8.0.1",
    "npm:typescript@~5.6.2": "5.6.3",
    "npm:uuid@^11.0.5": "11.0.5",
    "npm:vanjs-core@^1.5.3": "1.5.3",
    "npm:vite@^6.0.5": "6.0.7"
  },
  "npm": {
    "@carbon/colors@11.28.0": {
      "integrity": "sha512-zmNJk5Ec453aL3bk9RRSmM+dkVbyVMvUuKd6szJCOWLoqBFBXbd3PDRZO0AZeHp/Iel9sBRf1gUYej1BJ/5+hw==",
      "dependencies": [
        "@ibm/telemetry-js"
      ]
    },
    "@carbon/feature-flags@0.24.0": {
      "integrity": "sha512-GQEeXnfmnAtGVfKHSwJoJUsZ8YXAMKgL1TkJf2cUVuHYFk2WScHvCx7SUTDFJKLalGB+QnZPNuFLZ5oapsuwPw==",
      "dependencies": [
        "@ibm/telemetry-js"
      ]
    },
    "@carbon/grid@11.30.0": {
      "integrity": "sha512-HgeAJqh8Ln7d/HGe8Aw/bxHDQJbJSLxnVol3CwaJ1lRoZscUlFCZgrH60OVvUGXgH6yoUojKkyFovryZ8zxIdw==",
      "dependencies": [
        "@carbon/layout",
        "@ibm/telemetry-js"
      ]
    },
    "@carbon/icon-helpers@10.54.0": {
      "integrity": "sha512-IJ6uzwRA/6yvSG6tTCQoKIcGehwZYYqjvLHylILmEwyfB8kWV9VmJu957hfrfbS2rmuCXwmN6kCAnb4WS8FnFw==",
      "dependencies": [
        "@ibm/telemetry-js"
      ]
    },
    "@carbon/icons@11.53.0": {
      "integrity": "sha512-hX9jt/bTz0Hkfh0eKQ2AiXZ/rRu8o8ZGAQyeWnQcWtmKJ/X90+JQX71Nho88Alwjoi1IKdEdSRnzN+9sTvmuQA==",
      "dependencies": [
        "@ibm/telemetry-js"
      ]
    },
    "@carbon/layout@11.28.0": {
      "integrity": "sha512-Yl0Dsxs00EgAaCKpZCXgebuf9BwiBK66a1Oiao6D12p3ViciZ4L18mlRgOPBcDlolP2tUtncz48TlfkWC097hQ==",
      "dependencies": [
        "@ibm/telemetry-js"
      ]
    },
    "@carbon/motion@11.24.0": {
      "integrity": "sha512-JtsSQ3DgVqZXpOdKthetUi5Tp94jkWffgxgrEylbNYErITNt7PeSF6YTXnqtSldk/dUCBkfD1kXkfH1NAxrr1w==",
      "dependencies": [
        "@ibm/telemetry-js"
      ]
    },
    "@carbon/styles@1.73.0": {
      "integrity": "sha512-T96dWqekz9LJ7ln/cUCdV9NyHo8CKKS7HPag+kfiCUg8ss5Gm2nZ3B17TzW/njT0xsofPbffN04FHKj76YR+bQ==",
      "dependencies": [
        "@carbon/colors",
        "@carbon/feature-flags",
        "@carbon/grid",
        "@carbon/layout",
        "@carbon/motion",
        "@carbon/themes",
        "@carbon/type",
        "@ibm/plex",
        "@ibm/plex-mono",
        "@ibm/plex-sans",
        "@ibm/plex-sans-arabic",
        "@ibm/plex-sans-devanagari",
        "@ibm/plex-sans-hebrew",
        "@ibm/plex-sans-thai",
        "@ibm/plex-sans-thai-looped",
        "@ibm/plex-serif",
        "@ibm/telemetry-js"
      ]
    },
    "@carbon/themes@11.45.0": {
      "integrity": "sha512-TJubDZ14M4C6ZkGxyMbPTqg+BrlgXLJM3pV98au1J0R6VXe8PbqcqeaTSKy6zRoa+WYKmR0Fw2hA0Ti5aIVADg==",
      "dependencies": [
        "@carbon/colors",
        "@carbon/layout",
        "@carbon/type",
        "@ibm/telemetry-js",
        "color"
      ]
    },
    "@carbon/type@11.34.0": {
      "integrity": "sha512-rcKNsW6KzZAnaX0VJ2lbzWvEAJg8AJwG5zvJ+JqFpSs26mCZc9/0xw+J8eE5bZ34eSrgHPGEIHHNV0PEGKcBTQ==",
      "dependencies": [
        "@carbon/grid",
        "@carbon/layout",
        "@ibm/telemetry-js"
      ]
    },
    "@carbon/web-components@2.21.0": {
      "integrity": "sha512-V7vX2dhvgdxI0GwWNJEzqZblq49HB+gIjT9Wg7lxA+EFPK0h14QBD1Bx0I0saN1srKOhB09ClWk0aEg7r2kmUQ==",
      "dependencies": [
        "@carbon/styles",
        "@floating-ui/dom",
        "@ibm/telemetry-js",
        "flatpickr",
        "lit",
        "lodash-es",
        "tslib"
      ]
    },
    "@esbuild/aix-ppc64@0.24.2": {
      "integrity": "sha512-thpVCb/rhxE/BnMLQ7GReQLLN8q9qbHmI55F4489/ByVg2aQaQ6kbcLb6FHkocZzQhxc4gx0sCk0tJkKBFzDhA=="
    },
    "@esbuild/android-arm64@0.24.2": {
      "integrity": "sha512-cNLgeqCqV8WxfcTIOeL4OAtSmL8JjcN6m09XIgro1Wi7cF4t/THaWEa7eL5CMoMBdjoHOTh/vwTO/o2TRXIyzg=="
    },
    "@esbuild/android-arm@0.24.2": {
      "integrity": "sha512-tmwl4hJkCfNHwFB3nBa8z1Uy3ypZpxqxfTQOcHX+xRByyYgunVbZ9MzUUfb0RxaHIMnbHagwAxuTL+tnNM+1/Q=="
    },
    "@esbuild/android-x64@0.24.2": {
      "integrity": "sha512-B6Q0YQDqMx9D7rvIcsXfmJfvUYLoP722bgfBlO5cGvNVb5V/+Y7nhBE3mHV9OpxBf4eAS2S68KZztiPaWq4XYw=="
    },
    "@esbuild/darwin-arm64@0.24.2": {
      "integrity": "sha512-kj3AnYWc+CekmZnS5IPu9D+HWtUI49hbnyqk0FLEJDbzCIQt7hg7ucF1SQAilhtYpIujfaHr6O0UHlzzSPdOeA=="
    },
    "@esbuild/darwin-x64@0.24.2": {
      "integrity": "sha512-WeSrmwwHaPkNR5H3yYfowhZcbriGqooyu3zI/3GGpF8AyUdsrrP0X6KumITGA9WOyiJavnGZUwPGvxvwfWPHIA=="
    },
    "@esbuild/freebsd-arm64@0.24.2": {
      "integrity": "sha512-UN8HXjtJ0k/Mj6a9+5u6+2eZ2ERD7Edt1Q9IZiB5UZAIdPnVKDoG7mdTVGhHJIeEml60JteamR3qhsr1r8gXvg=="
    },
    "@esbuild/freebsd-x64@0.24.2": {
      "integrity": "sha512-TvW7wE/89PYW+IevEJXZ5sF6gJRDY/14hyIGFXdIucxCsbRmLUcjseQu1SyTko+2idmCw94TgyaEZi9HUSOe3Q=="
    },
    "@esbuild/linux-arm64@0.24.2": {
      "integrity": "sha512-7HnAD6074BW43YvvUmE/35Id9/NB7BeX5EoNkK9obndmZBUk8xmJJeU7DwmUeN7tkysslb2eSl6CTrYz6oEMQg=="
    },
    "@esbuild/linux-arm@0.24.2": {
      "integrity": "sha512-n0WRM/gWIdU29J57hJyUdIsk0WarGd6To0s+Y+LwvlC55wt+GT/OgkwoXCXvIue1i1sSNWblHEig00GBWiJgfA=="
    },
    "@esbuild/linux-ia32@0.24.2": {
      "integrity": "sha512-sfv0tGPQhcZOgTKO3oBE9xpHuUqguHvSo4jl+wjnKwFpapx+vUDcawbwPNuBIAYdRAvIDBfZVvXprIj3HA+Ugw=="
    },
    "@esbuild/linux-loong64@0.24.2": {
      "integrity": "sha512-CN9AZr8kEndGooS35ntToZLTQLHEjtVB5n7dl8ZcTZMonJ7CCfStrYhrzF97eAecqVbVJ7APOEe18RPI4KLhwQ=="
    },
    "@esbuild/linux-mips64el@0.24.2": {
      "integrity": "sha512-iMkk7qr/wl3exJATwkISxI7kTcmHKE+BlymIAbHO8xanq/TjHaaVThFF6ipWzPHryoFsesNQJPE/3wFJw4+huw=="
    },
    "@esbuild/linux-ppc64@0.24.2": {
      "integrity": "sha512-shsVrgCZ57Vr2L8mm39kO5PPIb+843FStGt7sGGoqiiWYconSxwTiuswC1VJZLCjNiMLAMh34jg4VSEQb+iEbw=="
    },
    "@esbuild/linux-riscv64@0.24.2": {
      "integrity": "sha512-4eSFWnU9Hhd68fW16GD0TINewo1L6dRrB+oLNNbYyMUAeOD2yCK5KXGK1GH4qD/kT+bTEXjsyTCiJGHPZ3eM9Q=="
    },
    "@esbuild/linux-s390x@0.24.2": {
      "integrity": "sha512-S0Bh0A53b0YHL2XEXC20bHLuGMOhFDO6GN4b3YjRLK//Ep3ql3erpNcPlEFed93hsQAjAQDNsvcK+hV90FubSw=="
    },
    "@esbuild/linux-x64@0.24.2": {
      "integrity": "sha512-8Qi4nQcCTbLnK9WoMjdC9NiTG6/E38RNICU6sUNqK0QFxCYgoARqVqxdFmWkdonVsvGqWhmm7MO0jyTqLqwj0Q=="
    },
    "@esbuild/netbsd-arm64@0.24.2": {
      "integrity": "sha512-wuLK/VztRRpMt9zyHSazyCVdCXlpHkKm34WUyinD2lzK07FAHTq0KQvZZlXikNWkDGoT6x3TD51jKQ7gMVpopw=="
    },
    "@esbuild/netbsd-x64@0.24.2": {
      "integrity": "sha512-VefFaQUc4FMmJuAxmIHgUmfNiLXY438XrL4GDNV1Y1H/RW3qow68xTwjZKfj/+Plp9NANmzbH5R40Meudu8mmw=="
    },
    "@esbuild/openbsd-arm64@0.24.2": {
      "integrity": "sha512-YQbi46SBct6iKnszhSvdluqDmxCJA+Pu280Av9WICNwQmMxV7nLRHZfjQzwbPs3jeWnuAhE9Jy0NrnJ12Oz+0A=="
    },
    "@esbuild/openbsd-x64@0.24.2": {
      "integrity": "sha512-+iDS6zpNM6EnJyWv0bMGLWSWeXGN/HTaF/LXHXHwejGsVi+ooqDfMCCTerNFxEkM3wYVcExkeGXNqshc9iMaOA=="
    },
    "@esbuild/sunos-x64@0.24.2": {
      "integrity": "sha512-hTdsW27jcktEvpwNHJU4ZwWFGkz2zRJUz8pvddmXPtXDzVKTTINmlmga3ZzwcuMpUvLw7JkLy9QLKyGpD2Yxig=="
    },
    "@esbuild/win32-arm64@0.24.2": {
      "integrity": "sha512-LihEQ2BBKVFLOC9ZItT9iFprsE9tqjDjnbulhHoFxYQtQfai7qfluVODIYxt1PgdoyQkz23+01rzwNwYfutxUQ=="
    },
    "@esbuild/win32-ia32@0.24.2": {
      "integrity": "sha512-q+iGUwfs8tncmFC9pcnD5IvRHAzmbwQ3GPS5/ceCyHdjXubwQWI12MKWSNSMYLJMq23/IUCvJMS76PDqXe1fxA=="
    },
    "@esbuild/win32-x64@0.24.2": {
      "integrity": "sha512-7VTgWzgMGvup6aSqDPLiW5zHaxYJGTO4OokMjIlrCtf+VpEL+cXKtCvg723iguPYI5oaUNdS+/V7OU2gvXVWEg=="
    },
    "@floating-ui/core@1.6.9": {
      "integrity": "sha512-uMXCuQ3BItDUbAMhIXw7UPXRfAlOAvZzdK9BWpE60MCn+Svt3aLn9jsPTi/WNGlRUu2uI0v5S7JiIUsbsvh3fw==",
      "dependencies": [
        "@floating-ui/utils"
      ]
    },
    "@floating-ui/dom@1.6.13": {
      "integrity": "sha512-umqzocjDgNRGTuO7Q8CU32dkHkECqI8ZdMZ5Swb6QAM0t5rnlrN3lGo1hdpscRd3WS8T6DKYK4ephgIH9iRh3w==",
      "dependencies": [
        "@floating-ui/core",
        "@floating-ui/utils"
      ]
    },
    "@floating-ui/utils@0.2.9": {
      "integrity": "sha512-MDWhGtE+eHw5JW7lq4qhc5yRLS11ERl1c7Z6Xd0a58DozHES6EnNNwUWbMiG4J9Cgj053Bhk8zvlhFYKVhULwg=="
    },
    "@ibm/plex-mono@0.0.3-alpha.0": {
      "integrity": "sha512-xSa/c1vrzGmMR5xQr/aWP/q62jUD41mKwm2w4kFsvIVyT9fxC3wq81UYMSGBxQZ6+P1AROMSefF22aLXkv6uqw=="
    },
    "@ibm/plex-sans-arabic@0.0.3-alpha.0": {
      "integrity": "sha512-tFi6soIKl/A2xWf5/N9kCkMhv+MOcEewWWFM9Bz9U0YO5I4KR0qdUTU7rN4jTjvCJGPExwPFukQKBNz7djuShg=="
    },
    "@ibm/plex-sans-devanagari@0.0.3-alpha.0": {
      "integrity": "sha512-jrhO6KOxwtpw3WaidCNSn+IWqxDyYGSUUP8i4WjmxkBREQNf4fSJwbjzgB79E/Mnhc3b2NZska+41k5owRlIoQ=="
    },
    "@ibm/plex-sans-hebrew@0.0.3-alpha.0": {
      "integrity": "sha512-sMsn1jU8kyYfSlWMfjcbvpGXJIIXGOZD+sxtBcogZz4umnCq5ys+bmsqlzkfGR25DCB49WvseD2IHbejes0/aA=="
    },
    "@ibm/plex-sans-thai-looped@0.0.3-alpha.0": {
      "integrity": "sha512-mcddR5ZcAQx5TjmaxaXd6gTdtOgxlyVaKqjzQAjUbzNQy0cjTGhIJHB5VrFES7yJLRCtQNCNGP+bzupzHOQERw=="
    },
    "@ibm/plex-sans-thai@0.0.3-alpha.0": {
      "integrity": "sha512-3RteUFhshRTmP5Swq9LYravDXmVvjxtxsZ7qeSqjn31CUgeSuZKprDWb+RzSQrO+Jg7AI4g1lolzTr/jG/LnxA=="
    },
    "@ibm/plex-sans@0.0.3-alpha.0": {
      "integrity": "sha512-JU3dmaJiTNL17MO2pTzUJUzYSLZjUmkFUOia9c/2mU4ehqyvw95yQ6G4XRRqEHQdUA7auO4I0GX8mcI8rQk/Tw=="
    },
    "@ibm/plex-serif@0.0.3-alpha.0": {
      "integrity": "sha512-wuyglvk5dVTiOtRMlGhbRdu9zptl84CHLhjzuWPb2LwU3IiFlVWAirKaRKRv/AFwtAT9RoTtvT7spEyffdCzFw=="
    },
    "@ibm/plex@6.0.0-next.6": {
      "integrity": "sha512-B3uGruTn2rS5gweynLmfSe7yCawSRsJguJJQHVQiqf4rh2RNgJFu8YLE2Zd/JHV0ZXoVMOslcXP2k3hMkxKEyA=="
    },
    "@ibm/telemetry-js@1.8.0": {
      "integrity": "sha512-1u/8f5TtDHXWNQe+YfIESesZGX2PmhEfyU0znlyFvATch+xc5fPYjXj2gWKMTmdKsDawqAm/BkJBQjx2CDlZww=="
    },
    "@lit-labs/ssr-dom-shim@1.3.0": {
      "integrity": "sha512-nQIWonJ6eFAvUUrSlwyHDm/aE8PBDu5kRpL0vHMg6K8fK3Diq1xdPjTnsJSwxABhaZ+5eBi1btQB5ShUTKo4nQ=="
    },
    "@lit/reactive-element@2.0.4": {
      "integrity": "sha512-GFn91inaUa2oHLak8awSIigYz0cU0Payr1rcFsrkf5OJ5eSPxElyZfKh0f2p9FsTiZWXQdWGJeXZICEfXXYSXQ==",
      "dependencies": [
        "@lit-labs/ssr-dom-shim"
      ]
    },
    "@material/web@2.2.0": {
      "integrity": "sha512-k1Pi7f04qDRkHfIEdcnL++udN+x5Oq34R47n0Fk7Xo49uz9aKb6ZkO42jC6uvMH0ahOiFDktX9txHgYMDvNa+A==",
      "dependencies": [
        "lit",
        "tslib"
      ]
    },
    "@rollup/rollup-android-arm-eabi@4.30.1": {
      "integrity": "sha512-pSWY+EVt3rJ9fQ3IqlrEUtXh3cGqGtPDH1FQlNZehO2yYxCHEX1SPsz1M//NXwYfbTlcKr9WObLnJX9FsS9K1Q=="
    },
    "@rollup/rollup-android-arm64@4.30.1": {
      "integrity": "sha512-/NA2qXxE3D/BRjOJM8wQblmArQq1YoBVJjrjoTSBS09jgUisq7bqxNHJ8kjCHeV21W/9WDGwJEWSN0KQ2mtD/w=="
    },
    "@rollup/rollup-darwin-arm64@4.30.1": {
      "integrity": "sha512-r7FQIXD7gB0WJ5mokTUgUWPl0eYIH0wnxqeSAhuIwvnnpjdVB8cRRClyKLQr7lgzjctkbp5KmswWszlwYln03Q=="
    },
    "@rollup/rollup-darwin-x64@4.30.1": {
      "integrity": "sha512-x78BavIwSH6sqfP2xeI1hd1GpHL8J4W2BXcVM/5KYKoAD3nNsfitQhvWSw+TFtQTLZ9OmlF+FEInEHyubut2OA=="
    },
    "@rollup/rollup-freebsd-arm64@4.30.1": {
      "integrity": "sha512-HYTlUAjbO1z8ywxsDFWADfTRfTIIy/oUlfIDmlHYmjUP2QRDTzBuWXc9O4CXM+bo9qfiCclmHk1x4ogBjOUpUQ=="
    },
    "@rollup/rollup-freebsd-x64@4.30.1": {
      "integrity": "sha512-1MEdGqogQLccphhX5myCJqeGNYTNcmTyaic9S7CG3JhwuIByJ7J05vGbZxsizQthP1xpVx7kd3o31eOogfEirw=="
    },
    "@rollup/rollup-linux-arm-gnueabihf@4.30.1": {
      "integrity": "sha512-PaMRNBSqCx7K3Wc9QZkFx5+CX27WFpAMxJNiYGAXfmMIKC7jstlr32UhTgK6T07OtqR+wYlWm9IxzennjnvdJg=="
    },
    "@rollup/rollup-linux-arm-musleabihf@4.30.1": {
      "integrity": "sha512-B8Rcyj9AV7ZlEFqvB5BubG5iO6ANDsRKlhIxySXcF1axXYUyqwBok+XZPgIYGBgs7LDXfWfifxhw0Ik57T0Yug=="
    },
    "@rollup/rollup-linux-arm64-gnu@4.30.1": {
      "integrity": "sha512-hqVyueGxAj3cBKrAI4aFHLV+h0Lv5VgWZs9CUGqr1z0fZtlADVV1YPOij6AhcK5An33EXaxnDLmJdQikcn5NEw=="
    },
    "@rollup/rollup-linux-arm64-musl@4.30.1": {
      "integrity": "sha512-i4Ab2vnvS1AE1PyOIGp2kXni69gU2DAUVt6FSXeIqUCPIR3ZlheMW3oP2JkukDfu3PsexYRbOiJrY+yVNSk9oA=="
    },
    "@rollup/rollup-linux-loongarch64-gnu@4.30.1": {
      "integrity": "sha512-fARcF5g296snX0oLGkVxPmysetwUk2zmHcca+e9ObOovBR++9ZPOhqFUM61UUZ2EYpXVPN1redgqVoBB34nTpQ=="
    },
    "@rollup/rollup-linux-powerpc64le-gnu@4.30.1": {
      "integrity": "sha512-GLrZraoO3wVT4uFXh67ElpwQY0DIygxdv0BNW9Hkm3X34wu+BkqrDrkcsIapAY+N2ATEbvak0XQ9gxZtCIA5Rw=="
    },
    "@rollup/rollup-linux-riscv64-gnu@4.30.1": {
      "integrity": "sha512-0WKLaAUUHKBtll0wvOmh6yh3S0wSU9+yas923JIChfxOaaBarmb/lBKPF0w/+jTVozFnOXJeRGZ8NvOxvk/jcw=="
    },
    "@rollup/rollup-linux-s390x-gnu@4.30.1": {
      "integrity": "sha512-GWFs97Ruxo5Bt+cvVTQkOJ6TIx0xJDD/bMAOXWJg8TCSTEK8RnFeOeiFTxKniTc4vMIaWvCplMAFBt9miGxgkA=="
    },
    "@rollup/rollup-linux-x64-gnu@4.30.1": {
      "integrity": "sha512-UtgGb7QGgXDIO+tqqJ5oZRGHsDLO8SlpE4MhqpY9Llpzi5rJMvrK6ZGhsRCST2abZdBqIBeXW6WPD5fGK5SDwg=="
    },
    "@rollup/rollup-linux-x64-musl@4.30.1": {
      "integrity": "sha512-V9U8Ey2UqmQsBT+xTOeMzPzwDzyXmnAoO4edZhL7INkwQcaW1Ckv3WJX3qrrp/VHaDkEWIBWhRwP47r8cdrOow=="
    },
    "@rollup/rollup-win32-arm64-msvc@4.30.1": {
      "integrity": "sha512-WabtHWiPaFF47W3PkHnjbmWawnX/aE57K47ZDT1BXTS5GgrBUEpvOzq0FI0V/UYzQJgdb8XlhVNH8/fwV8xDjw=="
    },
    "@rollup/rollup-win32-ia32-msvc@4.30.1": {
      "integrity": "sha512-pxHAU+Zv39hLUTdQQHUVHf4P+0C47y/ZloorHpzs2SXMRqeAWmGghzAhfOlzFHHwjvgokdFAhC4V+6kC1lRRfw=="
    },
    "@rollup/rollup-win32-x64-msvc@4.30.1": {
      "integrity": "sha512-D6qjsXGcvhTjv0kI4fU8tUuBDF/Ueee4SVX79VfNDXZa64TfCW1Slkb6Z7O1p7vflqZjcmOVdZlqf8gvJxc6og=="
    },
    "@types/estree@1.0.6": {
      "integrity": "sha512-AYnb1nQyY49te+VRAVgmzfcgjYS91mY5P0TKUDCLEM+gNnA+3T6rWITXRLYCpahpqSQbN5cE+gHpnPyXjHWxcw=="
    },
    "@types/trusted-types@2.0.7": {
      "integrity": "sha512-ScaPdn1dQczgbl0QFTeTOmVHFULt394XJgOQNoyVhZ6r2vLnMLJfBPd53SB52T/3G36VI1/g2MZaX0cwDuXsfw=="
    },
    "color-convert@2.0.1": {
      "integrity": "sha512-RRECPsj7iu/xb5oKYcsFHSppFNnsj/52OVTRKb4zP5onXwVF3zVmmToNcOfGC+CRDpfK/U584fMg38ZHCaElKQ==",
      "dependencies": [
        "color-name"
      ]
    },
    "color-name@1.1.4": {
      "integrity": "sha512-dOy+3AuW3a2wNbZHIuMZpTcgjGuLU/uBL/ubcZF9OXbDo8ff4O8yVp5Bf0efS8uEoYo5q4Fx7dY9OgQGXgAsQA=="
    },
    "color-string@1.9.1": {
      "integrity": "sha512-shrVawQFojnZv6xM40anx4CkoDP+fZsw/ZerEMsW/pyzsRbElpsL/DBVW7q3ExxwusdNXI3lXpuhEZkzs8p5Eg==",
      "dependencies": [
        "color-name",
        "simple-swizzle"
      ]
    },
    "color@4.2.3": {
      "integrity": "sha512-1rXeuUUiGGrykh+CeBdu5Ie7OJwinCgQY0bc7GCRxy5xVHy+moaqkpL/jqQq0MtQOeYcrqEz4abc5f0KtU7W4A==",
      "dependencies": [
        "color-convert",
        "color-string"
      ]
    },
    "esbuild@0.24.2": {
      "integrity": "sha512-+9egpBW8I3CD5XPe0n6BfT5fxLzxrlDzqydF3aviG+9ni1lDC/OvMHcxqEFV0+LANZG5R1bFMWfUrjVsdwxJvA==",
      "dependencies": [
        "@esbuild/aix-ppc64",
        "@esbuild/android-arm",
        "@esbuild/android-arm64",
        "@esbuild/android-x64",
        "@esbuild/darwin-arm64",
        "@esbuild/darwin-x64",
        "@esbuild/freebsd-arm64",
        "@esbuild/freebsd-x64",
        "@esbuild/linux-arm",
        "@esbuild/linux-arm64",
        "@esbuild/linux-ia32",
        "@esbuild/linux-loong64",
        "@esbuild/linux-mips64el",
        "@esbuild/linux-ppc64",
        "@esbuild/linux-riscv64",
        "@esbuild/linux-s390x",
        "@esbuild/linux-x64",
        "@esbuild/netbsd-arm64",
        "@esbuild/netbsd-x64",
        "@esbuild/openbsd-arm64",
        "@esbuild/openbsd-x64",
        "@esbuild/sunos-x64",
        "@esbuild/win32-arm64",
        "@esbuild/win32-ia32",
        "@esbuild/win32-x64"
      ]
    },
    "flatpickr@4.6.13": {
      "integrity": "sha512-97PMG/aywoYpB4IvbvUJi0RQi8vearvU0oov1WW3k0WZPBMrTQVqekSX5CjSG/M4Q3i6A/0FKXC7RyAoAUUSPw=="
    },
    "fsevents@2.3.3": {
      "integrity": "sha512-5xoDfX+fL7faATnagmWPpbFtwh/R77WmMMqqHGS65C3vvB0YHrgF+B1YmZ3441tMj5n63k0212XNoJwzlhffQw=="
    },
    "is-arrayish@0.3.2": {
      "integrity": "sha512-eVRqCvVlZbuw3GrM63ovNSNAeA1K16kaR/LRY/92w0zxQ5/1YzwblUX652i4Xs9RwAGjW9d9y6X88t8OaAJfWQ=="
    },
    "lit-element@4.1.1": {
      "integrity": "sha512-HO9Tkkh34QkTeUmEdNYhMT8hzLid7YlMlATSi1q4q17HE5d9mrrEHJ/o8O2D0cMi182zK1F3v7x0PWFjrhXFew==",
      "dependencies": [
        "@lit-labs/ssr-dom-shim",
        "@lit/reactive-element",
        "lit-html"
      ]
    },
    "lit-html@3.2.1": {
      "integrity": "sha512-qI/3lziaPMSKsrwlxH/xMgikhQ0EGOX2ICU73Bi/YHFvz2j/yMCIrw4+puF2IpQ4+upd3EWbvnHM9+PnJn48YA==",
      "dependencies": [
        "@types/trusted-types"
      ]
    },
    "lit@3.2.1": {
      "integrity": "sha512-1BBa1E/z0O9ye5fZprPtdqnc0BFzxIxTTOO/tQFmyC/hj1O3jL4TfmLBw0WEwjAokdLwpclkvGgDJwTIh0/22w==",
      "dependencies": [
        "@lit/reactive-element",
        "lit-element",
        "lit-html"
      ]
    },
    "lodash-es@4.17.21": {
      "integrity": "sha512-mKnC+QJ9pWVzv+C4/U3rRsHapFfHvQFoFB92e52xeyGMcX6/OlIl78je1u8vePzYZSkkogMPJ2yjxxsb89cxyw=="
    },
    "material-symbols@0.27.2": {
      "integrity": "sha512-3/p3V+UfAfeHrT2HMOBVGWyzsvpHZNxlJJ6jQ01XqqxCCQU+szIbrfpsXOHkZ5glMJi+IB/SMJIRt55l/gYWvQ=="
    },
    "nanoid@3.3.8": {
      "integrity": "sha512-WNLf5Sd8oZxOm+TzppcYk8gVOgP+l58xNy58D0nbUnOxOWRWvlcCV4kUF7ltmI6PsrLl/BgKEyS4mqsGChFN0w=="
    },
    "normalize.css@8.0.1": {
      "integrity": "sha512-qizSNPO93t1YUuUhP22btGOo3chcvDFqFaj2TRybP0DMxkHOCTYwp3n34fel4a31ORXy4m1Xq0Gyqpb5m33qIg=="
    },
    "picocolors@1.1.1": {
      "integrity": "sha512-xceH2snhtb5M9liqDsmEw56le376mTZkEX/jEb/RxNFyegNul7eNslCXP9FDj/Lcu0X8KEyMceP2ntpaHrDEVA=="
    },
    "postcss@8.5.1": {
      "integrity": "sha512-6oz2beyjc5VMn/KV1pPw8fliQkhBXrVn1Z3TVyqZxU8kZpzEKhBdmCFqI6ZbmGtamQvQGuU1sgPTk8ZrXDD7jQ==",
      "dependencies": [
        "nanoid",
        "picocolors",
        "source-map-js"
      ]
    },
    "rollup@4.30.1": {
      "integrity": "sha512-mlJ4glW020fPuLi7DkM/lN97mYEZGWeqBnrljzN0gs7GLctqX3lNWxKQ7Gl712UAX+6fog/L3jh4gb7R6aVi3w==",
      "dependencies": [
        "@rollup/rollup-android-arm-eabi",
        "@rollup/rollup-android-arm64",
        "@rollup/rollup-darwin-arm64",
        "@rollup/rollup-darwin-x64",
        "@rollup/rollup-freebsd-arm64",
        "@rollup/rollup-freebsd-x64",
        "@rollup/rollup-linux-arm-gnueabihf",
        "@rollup/rollup-linux-arm-musleabihf",
        "@rollup/rollup-linux-arm64-gnu",
        "@rollup/rollup-linux-arm64-musl",
        "@rollup/rollup-linux-loongarch64-gnu",
        "@rollup/rollup-linux-powerpc64le-gnu",
        "@rollup/rollup-linux-riscv64-gnu",
        "@rollup/rollup-linux-s390x-gnu",
        "@rollup/rollup-linux-x64-gnu",
        "@rollup/rollup-linux-x64-musl",
        "@rollup/rollup-win32-arm64-msvc",
        "@rollup/rollup-win32-ia32-msvc",
        "@rollup/rollup-win32-x64-msvc",
        "@types/estree",
        "fsevents"
      ]
    },
    "simple-swizzle@0.2.2": {
      "integrity": "sha512-JA//kQgZtbuY83m+xT+tXJkmJncGMTFT+C+g2h2R9uxkYIrE2yy9sgmcLhCnw57/WSD+Eh3J97FPEDFnbXnDUg==",
      "dependencies": [
        "is-arrayish"
      ]
    },
    "source-map-js@1.2.1": {
      "integrity": "sha512-UXWMKhLOwVKb728IUtQPXxfYU+usdybtUrK/8uGE8CQMvrhOpwvzDBwj0QhSL7MQc7vIsISBG8VQ8+IDQxpfQA=="
    },
    "tslib@2.8.1": {
      "integrity": "sha512-oJFu94HQb+KVduSUQL7wnpmqnfmLsOA/nAh6b6EH0wCEoK0/mPeXU6c3wKDV83MkOuHPRHtSXKKU99IBazS/2w=="
    },
    "typescript@5.6.3": {
      "integrity": "sha512-hjcS1mhfuyi4WW8IWtjP7brDrG2cuDZukyrYrSauoXGNgx0S7zceP07adYkJycEr56BOUTNPzbInooiN3fn1qw=="
    },
    "uuid@11.0.5": {
      "integrity": "sha512-508e6IcKLrhxKdBbcA2b4KQZlLVp2+J5UwQ6F7Drckkc5N9ZJwFa4TgWtsww9UG8fGHbm6gbV19TdM5pQ4GaIA=="
    },
    "vanjs-core@1.5.3": {
      "integrity": "sha512-NDt++52tE8rA7rcThaFtIJ7C3pEIuB51giOmE9o5dA9Cw3iv+a0tRIVVYP1PGLItXBbEL0wxDTa2VRjjuKIPlw=="
    },
    "vite@6.0.7": {
      "integrity": "sha512-RDt8r/7qx9940f8FcOIAH9PTViRrghKaK2K1jY3RaAURrEUbm9Du1mJ72G+jlhtG3WwodnfzY8ORQZbBavZEAQ==",
      "dependencies": [
        "esbuild",
        "fsevents",
        "postcss",
        "rollup"
      ]
    }
  },
  "workspace": {
    "packageJson": {
      "dependencies": [
        "npm:@carbon/icon-helpers@^10.54.0",
        "npm:@carbon/icons@^11.53.0",
        "npm:@carbon/web-components@^2.21.0",
        "npm:@material/web@^2.2.0",
        "npm:material-symbols@~0.27.2",
        "npm:normalize.css@^8.0.1",
        "npm:typescript@~5.6.2",
        "npm:uuid@^11.0.5",
        "npm:vanjs-core@^1.5.3",
        "npm:vite@^6.0.5"
      ]
    }
  }
}
